
Microsoft Visual Studio Solution File, Format Version 12.00
# Visual Studio Version 16
VisualStudioVersion = 16.0.31515.178
MinimumVisualStudioVersion = 10.0.40219.1
Project("{FAE04EC0-301F-11D3-BF4B-00C04F79EFBC}") = "Gerenciador vitural de estoque", "Gerenciador vitural de estoque.csproj", "{8FD1B251-7B78-4453-AD9C-7205782DABA5}"
EndProject
Global
	GlobalSection(SolutionConfigurationPlatforms) = preSolution
		Debug|Any CPU = Debug|Any CPU
		Release|Any CPU = Release|Any CPU
	EndGlobalSection
	GlobalSection(ProjectConfigurationPlatforms) = postSolution
		{8FD1B251-7B78-4453-AD9C-7205782DABA5}.Debug|Any CPU.ActiveCfg = Debug|Any CPU
		{8FD1B251-7B78-4453-AD9C-7205782DABA5}.Debug|Any CPU.Build.0 = Debug|Any CPU
		{8FD1B251-7B78-4453-AD9C-7205782DABA5}.Release|Any CPU.ActiveCfg = Release|Any CPU
		{8FD1B251-7B78-4453-AD9C-7205782DABA5}.Release|Any CPU.Build.0 = Release|Any CPU
	EndGlobalSection
	GlobalSection(SolutionProperties) = preSolution
		HideSolutionNode = FALSE
	EndGlobalSection
	GlobalSection(ExtensibilityGlobals) = postSolution
		SolutionGuid = {797C5812-DD65-4847-95E9-62AFB91F33A2}
	EndGlobalSection
EndGlobal
